// !$*UTF8*$!
{
	archiveVersion = 1;
	classes = {
	};
	objectVersion = 46;
	objects = {

/* Begin PBXBuildFile section */
		182614ED1D124BF9002DC6B0 /* VideoModel.m in Sources */ = {isa = PBXBuildFile; fileRef = 182614EC1D124BF9002DC6B0 /* VideoModel.m */; };
		182614F11D12754C002DC6B0 /* CHPlayer_noAuto@2x.png in Resources */ = {isa = PBXBuildFile; fileRef = 182614F01D12754C002DC6B0 /* CHPlayer_noAuto@2x.png */; };
		182DA7AD1D17C47E009DA79C /* cat.png in Resources */ = {isa = PBXBuildFile; fileRef = 182DA7AC1D17C47E009DA79C /* cat.png */; };
		182DA7B31D17C5A3009DA79C /* AutorotateNavigaVC.m in Sources */ = {isa = PBXBuildFile; fileRef = 182DA7B01D17C5A3009DA79C /* AutorotateNavigaVC.m */; };
		182DA7B41D17C5A3009DA79C /* AutorotateTabbarVC.m in Sources */ = {isa = PBXBuildFile; fileRef = 182DA7B21D17C5A3009DA79C /* AutorotateTabbarVC.m */; };
		182DA7C11D17C5FE009DA79C /* PlayOnFullScreenViewController.m in Sources */ = {isa = PBXBuildFile; fileRef = 182DA7B71D17C5FE009DA79C /* PlayOnFullScreenViewController.m */; };
		182DA7C21D17C5FE009DA79C /* VideoPlayerViewController.m in Sources */ = {isa = PBXBuildFile; fileRef = 182DA7B91D17C5FE009DA79C /* VideoPlayerViewController.m */; };
		182DA7C31D17C5FE009DA79C /* ViewController.m in Sources */ = {isa = PBXBuildFile; fileRef = 182DA7BB1D17C5FE009DA79C /* ViewController.m */; };
		182DA7C41D17C5FE009DA79C /* LeftViewController.m in Sources */ = {isa = PBXBuildFile; fileRef = 182DA7BE1D17C5FE009DA79C /* LeftViewController.m */; };
		182DA7C51D17C5FE009DA79C /* RightViewController.m in Sources */ = {isa = PBXBuildFile; fileRef = 182DA7C01D17C5FE009DA79C /* RightViewController.m */; };
		182DA7C81D17CBAD009DA79C /* UIViewController+CH_baseSet.m in Sources */ = {isa = PBXBuildFile; fileRef = 182DA7C71D17CBAD009DA79C /* UIViewController+CH_baseSet.m */; };
		182DA7CE1D17CC1A009DA79C /* NSString+CH_stringWidthAndHeight.m in Sources */ = {isa = PBXBuildFile; fileRef = 182DA7CD1D17CC1A009DA79C /* NSString+CH_stringWidthAndHeight.m */; };
		18670CD91D0D3A3F00902723 /* main.m in Sources */ = {isa = PBXBuildFile; fileRef = 18670CD81D0D3A3F00902723 /* main.m */; };
		18670CDC1D0D3A3F00902723 /* AppDelegate.m in Sources */ = {isa = PBXBuildFile; fileRef = 18670CDB1D0D3A3F00902723 /* AppDelegate.m */; };
		18670CE21D0D3A3F00902723 /* Main.storyboard in Resources */ = {isa = PBXBuildFile; fileRef = 18670CE01D0D3A3F00902723 /* Main.storyboard */; };
		18670CE41D0D3A3F00902723 /* Assets.xcassets in Resources */ = {isa = PBXBuildFile; fileRef = 18670CE31D0D3A3F00902723 /* Assets.xcassets */; };
		18670CE71D0D3A3F00902723 /* LaunchScreen.storyboard in Resources */ = {isa = PBXBuildFile; fileRef = 18670CE51D0D3A3F00902723 /* LaunchScreen.storyboard */; };
		18670CF21D0D3A3F00902723 /* CHPlayerTests.m in Sources */ = {isa = PBXBuildFile; fileRef = 18670CF11D0D3A3F00902723 /* CHPlayerTests.m */; };
		18670CFD1D0D3A3F00902723 /* CHPlayerUITests.m in Sources */ = {isa = PBXBuildFile; fileRef = 18670CFC1D0D3A3F00902723 /* CHPlayerUITests.m */; };
		18670D691D0D54C000902723 /* NSTimer+Ch_helper.m in Sources */ = {isa = PBXBuildFile; fileRef = 18670D681D0D54C000902723 /* NSTimer+Ch_helper.m */; };
		18670D801D0D550F00902723 /* CHPlayer_play@2x.png in Resources */ = {isa = PBXBuildFile; fileRef = 18670D6A1D0D550F00902723 /* CHPlayer_play@2x.png */; };
		18670D811D0D550F00902723 /* CHPlayer_play@3x.png in Resources */ = {isa = PBXBuildFile; fileRef = 18670D6B1D0D550F00902723 /* CHPlayer_play@3x.png */; };
		18670D821D0D550F00902723 /* CHPlayer_goback@2x.png in Resources */ = {isa = PBXBuildFile; fileRef = 18670D6C1D0D550F00902723 /* CHPlayer_goback@2x.png */; };
		18670D831D0D550F00902723 /* CHPlayer_award@2x.png in Resources */ = {isa = PBXBuildFile; fileRef = 18670D6D1D0D550F00902723 /* CHPlayer_award@2x.png */; };
		18670D861D0D550F00902723 /* CHPlayer_nofullBack@2x.png in Resources */ = {isa = PBXBuildFile; fileRef = 18670D701D0D550F00902723 /* CHPlayer_nofullBack@2x.png */; };
		18670D891D0D550F00902723 /* CHPlayer_pause@2x.png in Resources */ = {isa = PBXBuildFile; fileRef = 18670D731D0D550F00902723 /* CHPlayer_pause@2x.png */; };
		18670D8A1D0D550F00902723 /* CHPlayer_pause@3x.png in Resources */ = {isa = PBXBuildFile; fileRef = 18670D741D0D550F00902723 /* CHPlayer_pause@3x.png */; };
		18670D951D0D550F00902723 /* CHPlayer_fullBack@2x.png in Resources */ = {isa = PBXBuildFile; fileRef = 18670D7F1D0D550F00902723 /* CHPlayer_fullBack@2x.png */; };
		18670D981D0D552F00902723 /* CHPlayerView.m in Sources */ = {isa = PBXBuildFile; fileRef = 18670D971D0D552F00902723 /* CHPlayerView.m */; };
		1891E09D1D226F8700E6C3B8 /* CHPlayer_point@2x.png in Resources */ = {isa = PBXBuildFile; fileRef = 1891E09B1D226F8700E6C3B8 /* CHPlayer_point@2x.png */; };
		1891E09F1D226F9500E6C3B8 /* CHPlayer_point@3x.png in Resources */ = {isa = PBXBuildFile; fileRef = 1891E09E1D226F9500E6C3B8 /* CHPlayer_point@3x.png */; };
		1891E0A61D22735200E6C3B8 /* CHPlayer_fullScreen@2x.png in Resources */ = {isa = PBXBuildFile; fileRef = 1891E0A41D22735200E6C3B8 /* CHPlayer_fullScreen@2x.png */; };
		1891E0A71D22735200E6C3B8 /* CHPlayer_fullScreen@3x.png in Resources */ = {isa = PBXBuildFile; fileRef = 1891E0A51D22735200E6C3B8 /* CHPlayer_fullScreen@3x.png */; };
		1891E0AC1D22794900E6C3B8 /* CH_full_lockIcon@2x.png in Resources */ = {isa = PBXBuildFile; fileRef = 1891E0A81D22794900E6C3B8 /* CH_full_lockIcon@2x.png */; };
		1891E0AD1D22794900E6C3B8 /* CH_full_lockIcon@3x.png in Resources */ = {isa = PBXBuildFile; fileRef = 1891E0A91D22794900E6C3B8 /* CH_full_lockIcon@3x.png */; };
		1891E0AE1D22794900E6C3B8 /* CH_full_unLockIcon@2x.png in Resources */ = {isa = PBXBuildFile; fileRef = 1891E0AA1D22794900E6C3B8 /* CH_full_unLockIcon@2x.png */; };
		1891E0AF1D22794900E6C3B8 /* CH_full_unLockIcon@3x.png in Resources */ = {isa = PBXBuildFile; fileRef = 1891E0AB1D22794900E6C3B8 /* CH_full_unLockIcon@3x.png */; };
		189A9E101D239E6D00504EB5 /* UIView+CH_GestureRecognizer.m in Sources */ = {isa = PBXBuildFile; fileRef = 189A9E0F1D239E6D00504EB5 /* UIView+CH_GestureRecognizer.m */; };
		189F83021D20CA40003C125C /* fullScreen.gif in Resources */ = {isa = PBXBuildFile; fileRef = 189F82FC1D20CA40003C125C /* fullScreen.gif */; };
		189F83031D20CA40003C125C /* navigation1.gif in Resources */ = {isa = PBXBuildFile; fileRef = 189F82FD1D20CA40003C125C /* navigation1.gif */; };
		189F83041D20CA40003C125C /* navigation2.gif in Resources */ = {isa = PBXBuildFile; fileRef = 189F82FE1D20CA40003C125C /* navigation2.gif */; };
		189F83051D20CA40003C125C /* noNavigation1.gif in Resources */ = {isa = PBXBuildFile; fileRef = 189F82FF1D20CA40003C125C /* noNavigation1.gif */; };
		189F83061D20CA40003C125C /* noNavigation2.gif in Resources */ = {isa = PBXBuildFile; fileRef = 189F83001D20CA40003C125C /* noNavigation2.gif */; };
		189F83071D20CA40003C125C /* noNavigation3.gif in Resources */ = {isa = PBXBuildFile; fileRef = 189F83011D20CA40003C125C /* noNavigation3.gif */; };
		E97E8152820AD1FAAFAE5FB0 /* libPods.a in Frameworks */ = {isa = PBXBuildFile; fileRef = A3A31D0D321442CC4273A6FB /* libPods.a */; };
/* End PBXBuildFile section */

/* Begin PBXContainerItemProxy section */
		18670CEE1D0D3A3F00902723 /* PBXContainerItemProxy */ = {
			isa = PBXContainerItemProxy;
			containerPortal = 18670CCC1D0D3A3E00902723 /* Project object */;
			proxyType = 1;
			remoteGlobalIDString = 18670CD31D0D3A3E00902723;
			remoteInfo = CHPlayer;
		};
		18670CF91D0D3A3F00902723 /* PBXContainerItemProxy */ = {
			isa = PBXContainerItemProxy;
			containerPortal = 18670CCC1D0D3A3E00902723 /* Project object */;
			proxyType = 1;
			remoteGlobalIDString = 18670CD31D0D3A3E00902723;
			remoteInfo = CHPlayer;
		};
/* End PBXContainerItemProxy section */

/* Begin PBXFileReference section */
		182614EB1D124BF9002DC6B0 /* VideoModel.h */ = {isa = PBXFileReference; fileEncoding = 4; lastKnownFileType = sourcecode.c.h; path = VideoModel.h; sourceTree = "<group>"; };
		182614EC1D124BF9002DC6B0 /* VideoModel.m */ = {isa = PBXFileReference; fileEncoding = 4; lastKnownFileType = sourcecode.c.objc; path = VideoModel.m; sourceTree = "<group>"; };
		182614F01D12754C002DC6B0 /* CHPlayer_noAuto@2x.png */ = {isa = PBXFileReference; lastKnownFileType = image.png; path = "CHPlayer_noAuto@2x.png"; sourceTree = "<group>"; };
		182DA7AC1D17C47E009DA79C /* cat.png */ = {isa = PBXFileReference; lastKnownFileType = image.png; path = cat.png; sourceTree = "<group>"; };
		182DA7AF1D17C5A3009DA79C /* AutorotateNavigaVC.h */ = {isa = PBXFileReference; fileEncoding = 4; lastKnownFileType = sourcecode.c.h; path = AutorotateNavigaVC.h; sourceTree = "<group>"; };
		182DA7B01D17C5A3009DA79C /* AutorotateNavigaVC.m */ = {isa = PBXFileReference; fileEncoding = 4; lastKnownFileType = sourcecode.c.objc; path = AutorotateNavigaVC.m; sourceTree = "<group>"; };
		182DA7B11D17C5A3009DA79C /* AutorotateTabbarVC.h */ = {isa = PBXFileReference; fileEncoding = 4; lastKnownFileType = sourcecode.c.h; path = AutorotateTabbarVC.h; sourceTree = "<group>"; };
		182DA7B21D17C5A3009DA79C /* AutorotateTabbarVC.m */ = {isa = PBXFileReference; fileEncoding = 4; lastKnownFileType = sourcecode.c.objc; path = AutorotateTabbarVC.m; sourceTree = "<group>"; };
		182DA7B61D17C5FE009DA79C /* PlayOnFullScreenViewController.h */ = {isa = PBXFileReference; fileEncoding = 4; lastKnownFileType = sourcecode.c.h; path = PlayOnFullScreenViewController.h; sourceTree = "<group>"; };
		182DA7B71D17C5FE009DA79C /* PlayOnFullScreenViewController.m */ = {isa = PBXFileReference; fileEncoding = 4; lastKnownFileType = sourcecode.c.objc; path = PlayOnFullScreenViewController.m; sourceTree = "<group>"; };
		182DA7B81D17C5FE009DA79C /* VideoPlayerViewController.h */ = {isa = PBXFileReference; fileEncoding = 4; lastKnownFileType = sourcecode.c.h; path = VideoPlayerViewController.h; sourceTree = "<group>"; };
		182DA7B91D17C5FE009DA79C /* VideoPlayerViewController.m */ = {isa = PBXFileReference; fileEncoding = 4; lastKnownFileType = sourcecode.c.objc; path = VideoPlayerViewController.m; sourceTree = "<group>"; };
		182DA7BA1D17C5FE009DA79C /* ViewController.h */ = {isa = PBXFileReference; fileEncoding = 4; lastKnownFileType = sourcecode.c.h; path = ViewController.h; sourceTree = "<group>"; };
		182DA7BB1D17C5FE009DA79C /* ViewController.m */ = {isa = PBXFileReference; fileEncoding = 4; lastKnownFileType = sourcecode.c.objc; path = ViewController.m; sourceTree = "<group>"; };
		182DA7BD1D17C5FE009DA79C /* LeftViewController.h */ = {isa = PBXFileReference; fileEncoding = 4; lastKnownFileType = sourcecode.c.h; path = LeftViewController.h; sourceTree = "<group>"; };
		182DA7BE1D17C5FE009DA79C /* LeftViewController.m */ = {isa = PBXFileReference; fileEncoding = 4; lastKnownFileType = sourcecode.c.objc; path = LeftViewController.m; sourceTree = "<group>"; };
		182DA7BF1D17C5FE009DA79C /* RightViewController.h */ = {isa = PBXFileReference; fileEncoding = 4; lastKnownFileType = sourcecode.c.h; path = RightViewController.h; sourceTree = "<group>"; };
		182DA7C01D17C5FE009DA79C /* RightViewController.m */ = {isa = PBXFileReference; fileEncoding = 4; lastKnownFileType = sourcecode.c.objc; path = RightViewController.m; sourceTree = "<group>"; };
		182DA7C61D17CBAD009DA79C /* UIViewController+CH_baseSet.h */ = {isa = PBXFileReference; fileEncoding = 4; lastKnownFileType = sourcecode.c.h; path = "UIViewController+CH_baseSet.h"; sourceTree = "<group>"; };
		182DA7C71D17CBAD009DA79C /* UIViewController+CH_baseSet.m */ = {isa = PBXFileReference; fileEncoding = 4; lastKnownFileType = sourcecode.c.objc; path = "UIViewController+CH_baseSet.m"; sourceTree = "<group>"; };
		182DA7CC1D17CC1A009DA79C /* NSString+CH_stringWidthAndHeight.h */ = {isa = PBXFileReference; fileEncoding = 4; lastKnownFileType = sourcecode.c.h; path = "NSString+CH_stringWidthAndHeight.h"; sourceTree = "<group>"; };
		182DA7CD1D17CC1A009DA79C /* NSString+CH_stringWidthAndHeight.m */ = {isa = PBXFileReference; fileEncoding = 4; lastKnownFileType = sourcecode.c.objc; path = "NSString+CH_stringWidthAndHeight.m"; sourceTree = "<group>"; };
		18670CD41D0D3A3E00902723 /* CHPlayer.app */ = {isa = PBXFileReference; explicitFileType = wrapper.application; includeInIndex = 0; path = CHPlayer.app; sourceTree = BUILT_PRODUCTS_DIR; };
		18670CD81D0D3A3F00902723 /* main.m */ = {isa = PBXFileReference; lastKnownFileType = sourcecode.c.objc; path = main.m; sourceTree = "<group>"; };
		18670CDA1D0D3A3F00902723 /* AppDelegate.h */ = {isa = PBXFileReference; lastKnownFileType = sourcecode.c.h; path = AppDelegate.h; sourceTree = "<group>"; };
		18670CDB1D0D3A3F00902723 /* AppDelegate.m */ = {isa = PBXFileReference; lastKnownFileType = sourcecode.c.objc; path = AppDelegate.m; sourceTree = "<group>"; };
		18670CE11D0D3A3F00902723 /* Base */ = {isa = PBXFileReference; lastKnownFileType = file.storyboard; name = Base; path = Base.lproj/Main.storyboard; sourceTree = "<group>"; };
		18670CE31D0D3A3F00902723 /* Assets.xcassets */ = {isa = PBXFileReference; lastKnownFileType = folder.assetcatalog; path = Assets.xcassets; sourceTree = "<group>"; };
		18670CE61D0D3A3F00902723 /* Base */ = {isa = PBXFileReference; lastKnownFileType = file.storyboard; name = Base; path = Base.lproj/LaunchScreen.storyboard; sourceTree = "<group>"; };
		18670CE81D0D3A3F00902723 /* Info.plist */ = {isa = PBXFileReference; lastKnownFileType = text.plist.xml; path = Info.plist; sourceTree = "<group>"; };
		18670CED1D0D3A3F00902723 /* CHPlayerTests.xctest */ = {isa = PBXFileReference; explicitFileType = wrapper.cfbundle; includeInIndex = 0; path = CHPlayerTests.xctest; sourceTree = BUILT_PRODUCTS_DIR; };
		18670CF11D0D3A3F00902723 /* CHPlayerTests.m */ = {isa = PBXFileReference; lastKnownFileType = sourcecode.c.objc; path = CHPlayerTests.m; sourceTree = "<group>"; };
		18670CF31D0D3A3F00902723 /* Info.plist */ = {isa = PBXFileReference; lastKnownFileType = text.plist.xml; path = Info.plist; sourceTree = "<group>"; };
		18670CF81D0D3A3F00902723 /* CHPlayerUITests.xctest */ = {isa = PBXFileReference; explicitFileType = wrapper.cfbundle; includeInIndex = 0; path = CHPlayerUITests.xctest; sourceTree = BUILT_PRODUCTS_DIR; };
		18670CFC1D0D3A3F00902723 /* CHPlayerUITests.m */ = {isa = PBXFileReference; lastKnownFileType = sourcecode.c.objc; path = CHPlayerUITests.m; sourceTree = "<group>"; };
		18670CFE1D0D3A3F00902723 /* Info.plist */ = {isa = PBXFileReference; lastKnownFileType = text.plist.xml; path = Info.plist; sourceTree = "<group>"; };
		18670D671D0D54C000902723 /* NSTimer+Ch_helper.h */ = {isa = PBXFileReference; fileEncoding = 4; lastKnownFileType = sourcecode.c.h; path = "NSTimer+Ch_helper.h"; sourceTree = "<group>"; };
		18670D681D0D54C000902723 /* NSTimer+Ch_helper.m */ = {isa = PBXFileReference; fileEncoding = 4; lastKnownFileType = sourcecode.c.objc; path = "NSTimer+Ch_helper.m"; sourceTree = "<group>"; };
		18670D6A1D0D550F00902723 /* CHPlayer_play@2x.png */ = {isa = PBXFileReference; lastKnownFileType = image.png; path = "CHPlayer_play@2x.png"; sourceTree = "<group>"; };
		18670D6B1D0D550F00902723 /* CHPlayer_play@3x.png */ = {isa = PBXFileReference; lastKnownFileType = image.png; path = "CHPlayer_play@3x.png"; sourceTree = "<group>"; };
		18670D6C1D0D550F00902723 /* CHPlayer_goback@2x.png */ = {isa = PBXFileReference; lastKnownFileType = image.png; path = "CHPlayer_goback@2x.png"; sourceTree = "<group>"; };
		18670D6D1D0D550F00902723 /* CHPlayer_award@2x.png */ = {isa = PBXFileReference; lastKnownFileType = image.png; path = "CHPlayer_award@2x.png"; sourceTree = "<group>"; };
		18670D701D0D550F00902723 /* CHPlayer_nofullBack@2x.png */ = {isa = PBXFileReference; lastKnownFileType = image.png; path = "CHPlayer_nofullBack@2x.png"; sourceTree = "<group>"; };
		18670D731D0D550F00902723 /* CHPlayer_pause@2x.png */ = {isa = PBXFileReference; lastKnownFileType = image.png; path = "CHPlayer_pause@2x.png"; sourceTree = "<group>"; };
		18670D741D0D550F00902723 /* CHPlayer_pause@3x.png */ = {isa = PBXFileReference; lastKnownFileType = image.png; path = "CHPlayer_pause@3x.png"; sourceTree = "<group>"; };
		18670D7F1D0D550F00902723 /* CHPlayer_fullBack@2x.png */ = {isa = PBXFileReference; lastKnownFileType = image.png; path = "CHPlayer_fullBack@2x.png"; sourceTree = "<group>"; };
		18670D961D0D552F00902723 /* CHPlayerView.h */ = {isa = PBXFileReference; fileEncoding = 4; lastKnownFileType = sourcecode.c.h; path = CHPlayerView.h; sourceTree = "<group>"; };
		18670D971D0D552F00902723 /* CHPlayerView.m */ = {isa = PBXFileReference; fileEncoding = 4; lastKnownFileType = sourcecode.c.objc; path = CHPlayerView.m; sourceTree = "<group>"; };
		1891E09B1D226F8700E6C3B8 /* CHPlayer_point@2x.png */ = {isa = PBXFileReference; lastKnownFileType = image.png; path = "CHPlayer_point@2x.png"; sourceTree = "<group>"; };
		1891E09E1D226F9500E6C3B8 /* CHPlayer_point@3x.png */ = {isa = PBXFileReference; lastKnownFileType = image.png; path = "CHPlayer_point@3x.png"; sourceTree = "<group>"; };
		1891E0A41D22735200E6C3B8 /* CHPlayer_fullScreen@2x.png */ = {isa = PBXFileReference; lastKnownFileType = image.png; path = "CHPlayer_fullScreen@2x.png"; sourceTree = "<group>"; };
		1891E0A51D22735200E6C3B8 /* CHPlayer_fullScreen@3x.png */ = {isa = PBXFileReference; lastKnownFileType = image.png; path = "CHPlayer_fullScreen@3x.png"; sourceTree = "<group>"; };
		1891E0A81D22794900E6C3B8 /* CH_full_lockIcon@2x.png */ = {isa = PBXFileReference; lastKnownFileType = image.png; path = "CH_full_lockIcon@2x.png"; sourceTree = "<group>"; };
		1891E0A91D22794900E6C3B8 /* CH_full_lockIcon@3x.png */ = {isa = PBXFileReference; lastKnownFileType = image.png; path = "CH_full_lockIcon@3x.png"; sourceTree = "<group>"; };
		1891E0AA1D22794900E6C3B8 /* CH_full_unLockIcon@2x.png */ = {isa = PBXFileReference; lastKnownFileType = image.png; path = "CH_full_unLockIcon@2x.png"; sourceTree = "<group>"; };
		1891E0AB1D22794900E6C3B8 /* CH_full_unLockIcon@3x.png */ = {isa = PBXFileReference; lastKnownFileType = image.png; path = "CH_full_unLockIcon@3x.png"; sourceTree = "<group>"; };
		189A9E0E1D239E6D00504EB5 /* UIView+CH_GestureRecognizer.h */ = {isa = PBXFileReference; fileEncoding = 4; lastKnownFileType = sourcecode.c.h; path = "UIView+CH_GestureRecognizer.h"; sourceTree = "<group>"; };
		189A9E0F1D239E6D00504EB5 /* UIView+CH_GestureRecognizer.m */ = {isa = PBXFileReference; fileEncoding = 4; lastKnownFileType = sourcecode.c.objc; path = "UIView+CH_GestureRecognizer.m"; sourceTree = "<group>"; };
		189F82FC1D20CA40003C125C /* fullScreen.gif */ = {isa = PBXFileReference; lastKnownFileType = image.gif; path = fullScreen.gif; sourceTree = "<group>"; };
		189F82FD1D20CA40003C125C /* navigation1.gif */ = {isa = PBXFileReference; lastKnownFileType = image.gif; path = navigation1.gif; sourceTree = "<group>"; };
		189F82FE1D20CA40003C125C /* navigation2.gif */ = {isa = PBXFileReference; lastKnownFileType = image.gif; path = navigation2.gif; sourceTree = "<group>"; };
		189F82FF1D20CA40003C125C /* noNavigation1.gif */ = {isa = PBXFileReference; lastKnownFileType = image.gif; path = noNavigation1.gif; sourceTree = "<group>"; };
		189F83001D20CA40003C125C /* noNavigation2.gif */ = {isa = PBXFileReference; lastKnownFileType = image.gif; path = noNavigation2.gif; sourceTree = "<group>"; };
		189F83011D20CA40003C125C /* noNavigation3.gif */ = {isa = PBXFileReference; lastKnownFileType = image.gif; path = noNavigation3.gif; sourceTree = "<group>"; };
		18F8C9E71D113F8300617A9B /* CHPlayerHeader.h */ = {isa = PBXFileReference; fileEncoding = 4; lastKnownFileType = sourcecode.c.h; path = CHPlayerHeader.h; sourceTree = "<group>"; };
		7AFE6C0DC12EE8F09B0FD2FA /* Pods.release.xcconfig */ = {isa = PBXFileReference; includeInIndex = 1; lastKnownFileType = text.xcconfig; name = Pods.release.xcconfig; path = "Pods/Target Support Files/Pods/Pods.release.xcconfig"; sourceTree = "<group>"; };
		A3A31D0D321442CC4273A6FB /* libPods.a */ = {isa = PBXFileReference; explicitFileType = archive.ar; includeInIndex = 0; path = libPods.a; sourceTree = BUILT_PRODUCTS_DIR; };
		C8573D465EDC12DF136D0E5E /* Pods.debug.xcconfig */ = {isa = PBXFileReference; includeInIndex = 1; lastKnownFileType = text.xcconfig; name = Pods.debug.xcconfig; path = "Pods/Target Support Files/Pods/Pods.debug.xcconfig"; sourceTree = "<group>"; };
/* End PBXFileReference section */

/* Begin PBXFrameworksBuildPhase section */
		18670CD11D0D3A3E00902723 /* Frameworks */ = {
			isa = PBXFrameworksBuildPhase;
			buildActionMask = 2147483647;
			files = (
				E97E8152820AD1FAAFAE5FB0 /* libPods.a in Frameworks */,
			);
			runOnlyForDeploymentPostprocessing = 0;
		};
		18670CEA1D0D3A3F00902723 /* Frameworks */ = {
			isa = PBXFrameworksBuildPhase;
			buildActionMask = 2147483647;
			files = (
			);
			runOnlyForDeploymentPostprocessing = 0;
		};
		18670CF51D0D3A3F00902723 /* Frameworks */ = {
			isa = PBXFrameworksBuildPhase;
			buildActionMask = 2147483647;
			files = (
			);
			runOnlyForDeploymentPostprocessing = 0;
		};
/* End PBXFrameworksBuildPhase section */

/* Begin PBXGroup section */
		182DA7AE1D17C5A3009DA79C /* CHPlayerBaseVC */ = {
			isa = PBXGroup;
			children = (
				182DA7AF1D17C5A3009DA79C /* AutorotateNavigaVC.h */,
				182DA7B01D17C5A3009DA79C /* AutorotateNavigaVC.m */,
				182DA7B11D17C5A3009DA79C /* AutorotateTabbarVC.h */,
				182DA7B21D17C5A3009DA79C /* AutorotateTabbarVC.m */,
			);
			path = CHPlayerBaseVC;
			sourceTree = "<group>";
		};
		182DA7B51D17C5FE009DA79C /* NavigationVC */ = {
			isa = PBXGroup;
			children = (
				182DA7BA1D17C5FE009DA79C /* ViewController.h */,
				182DA7BB1D17C5FE009DA79C /* ViewController.m */,
				182DA7B81D17C5FE009DA79C /* VideoPlayerViewController.h */,
				182DA7B91D17C5FE009DA79C /* VideoPlayerViewController.m */,
				182DA7B61D17C5FE009DA79C /* PlayOnFullScreenViewController.h */,
				182DA7B71D17C5FE009DA79C /* PlayOnFullScreenViewController.m */,
			);
			path = NavigationVC;
			sourceTree = "<group>";
		};
		182DA7BC1D17C5FE009DA79C /* TabbarVC */ = {
			isa = PBXGroup;
			children = (
				182DA7BD1D17C5FE009DA79C /* LeftViewController.h */,
				182DA7BE1D17C5FE009DA79C /* LeftViewController.m */,
				182DA7BF1D17C5FE009DA79C /* RightViewController.h */,
				182DA7C01D17C5FE009DA79C /* RightViewController.m */,
			);
			path = TabbarVC;
			sourceTree = "<group>";
		};
		18670CCB1D0D3A3E00902723 = {
			isa = PBXGroup;
			children = (
				18670CD61D0D3A3F00902723 /* CHPlayer */,
				18670CF01D0D3A3F00902723 /* CHPlayerTests */,
				18670CFB1D0D3A3F00902723 /* CHPlayerUITests */,
				18670CD51D0D3A3E00902723 /* Products */,
				D45B71898F39D08FC9EE187F /* Pods */,
				ABAF08FBA80BE772EA4F3B8F /* Frameworks */,
			);
			sourceTree = "<group>";
		};
		18670CD51D0D3A3E00902723 /* Products */ = {
			isa = PBXGroup;
			children = (
				18670CD41D0D3A3E00902723 /* CHPlayer.app */,
				18670CED1D0D3A3F00902723 /* CHPlayerTests.xctest */,
				18670CF81D0D3A3F00902723 /* CHPlayerUITests.xctest */,
			);
			name = Products;
			sourceTree = "<group>";
		};
		18670CD61D0D3A3F00902723 /* CHPlayer */ = {
			isa = PBXGroup;
			children = (
				18670CDA1D0D3A3F00902723 /* AppDelegate.h */,
				18670CDB1D0D3A3F00902723 /* AppDelegate.m */,
				182DA7B51D17C5FE009DA79C /* NavigationVC */,
				182DA7BC1D17C5FE009DA79C /* TabbarVC */,
				182614EB1D124BF9002DC6B0 /* VideoModel.h */,
				182614EC1D124BF9002DC6B0 /* VideoModel.m */,
				18670D0A1D0D3C8F00902723 /* CHPlayer */,
				18670CE01D0D3A3F00902723 /* Main.storyboard */,
				18670CE31D0D3A3F00902723 /* Assets.xcassets */,
				18670CE51D0D3A3F00902723 /* LaunchScreen.storyboard */,
				18670CE81D0D3A3F00902723 /* Info.plist */,
				18670CD71D0D3A3F00902723 /* Supporting Files */,
			);
			path = CHPlayer;
			sourceTree = "<group>";
		};
		18670CD71D0D3A3F00902723 /* Supporting Files */ = {
			isa = PBXGroup;
			children = (
				189F82FB1D20CA40003C125C /* gif */,
				182DA7AC1D17C47E009DA79C /* cat.png */,
				18670CD81D0D3A3F00902723 /* main.m */,
			);
			name = "Supporting Files";
			sourceTree = "<group>";
		};
		18670CF01D0D3A3F00902723 /* CHPlayerTests */ = {
			isa = PBXGroup;
			children = (
				18670CF11D0D3A3F00902723 /* CHPlayerTests.m */,
				18670CF31D0D3A3F00902723 /* Info.plist */,
			);
			path = CHPlayerTests;
			sourceTree = "<group>";
		};
		18670CFB1D0D3A3F00902723 /* CHPlayerUITests */ = {
			isa = PBXGroup;
			children = (
				18670CFC1D0D3A3F00902723 /* CHPlayerUITests.m */,
				18670CFE1D0D3A3F00902723 /* Info.plist */,
			);
			path = CHPlayerUITests;
			sourceTree = "<group>";
		};
		18670D0A1D0D3C8F00902723 /* CHPlayer */ = {
			isa = PBXGroup;
			children = (
				182DA7AE1D17C5A3009DA79C /* CHPlayerBaseVC */,
				18670D0B1D0D3C8F00902723 /* Pictures */,
				18670D0C1D0D3C8F00902723 /* Tools */,
				18670D961D0D552F00902723 /* CHPlayerView.h */,
				18670D971D0D552F00902723 /* CHPlayerView.m */,
				18F8C9E71D113F8300617A9B /* CHPlayerHeader.h */,
			);
			path = CHPlayer;
			sourceTree = "<group>";
		};
		18670D0B1D0D3C8F00902723 /* Pictures */ = {
			isa = PBXGroup;
			children = (
				1891E0A81D22794900E6C3B8 /* CH_full_lockIcon@2x.png */,
				1891E0A91D22794900E6C3B8 /* CH_full_lockIcon@3x.png */,
				1891E0AA1D22794900E6C3B8 /* CH_full_unLockIcon@2x.png */,
				1891E0AB1D22794900E6C3B8 /* CH_full_unLockIcon@3x.png */,
				18670D6A1D0D550F00902723 /* CHPlayer_play@2x.png */,
				18670D6B1D0D550F00902723 /* CHPlayer_play@3x.png */,
				18670D6C1D0D550F00902723 /* CHPlayer_goback@2x.png */,
				18670D6D1D0D550F00902723 /* CHPlayer_award@2x.png */,
				18670D701D0D550F00902723 /* CHPlayer_nofullBack@2x.png */,
				18670D731D0D550F00902723 /* CHPlayer_pause@2x.png */,
				18670D741D0D550F00902723 /* CHPlayer_pause@3x.png */,
				1891E09B1D226F8700E6C3B8 /* CHPlayer_point@2x.png */,
				1891E09E1D226F9500E6C3B8 /* CHPlayer_point@3x.png */,
				18670D7F1D0D550F00902723 /* CHPlayer_fullBack@2x.png */,
				182614F01D12754C002DC6B0 /* CHPlayer_noAuto@2x.png */,
				1891E0A41D22735200E6C3B8 /* CHPlayer_fullScreen@2x.png */,
				1891E0A51D22735200E6C3B8 /* CHPlayer_fullScreen@3x.png */,
			);
			path = Pictures;
			sourceTree = "<group>";
		};
		18670D0C1D0D3C8F00902723 /* Tools */ = {
			isa = PBXGroup;
			children = (
				182DA7CC1D17CC1A009DA79C /* NSString+CH_stringWidthAndHeight.h */,
				182DA7CD1D17CC1A009DA79C /* NSString+CH_stringWidthAndHeight.m */,
				189A9E0E1D239E6D00504EB5 /* UIView+CH_GestureRecognizer.h */,
				189A9E0F1D239E6D00504EB5 /* UIView+CH_GestureRecognizer.m */,
				18670D671D0D54C000902723 /* NSTimer+Ch_helper.h */,
				18670D681D0D54C000902723 /* NSTimer+Ch_helper.m */,
				182DA7C61D17CBAD009DA79C /* UIViewController+CH_baseSet.h */,
				182DA7C71D17CBAD009DA79C /* UIViewController+CH_baseSet.m */,
			);
			path = Tools;
			sourceTree = "<group>";
		};
		189F82FB1D20CA40003C125C /* gif */ = {
			isa = PBXGroup;
			children = (
				189F82FC1D20CA40003C125C /* fullScreen.gif */,
				189F82FD1D20CA40003C125C /* navigation1.gif */,
				189F82FE1D20CA40003C125C /* navigation2.gif */,
				189F82FF1D20CA40003C125C /* noNavigation1.gif */,
				189F83001D20CA40003C125C /* noNavigation2.gif */,
				189F83011D20CA40003C125C /* noNavigation3.gif */,
			);
			path = gif;
			sourceTree = "<group>";
		};
		ABAF08FBA80BE772EA4F3B8F /* Frameworks */ = {
			isa = PBXGroup;
			children = (
				A3A31D0D321442CC4273A6FB /* libPods.a */,
			);
			name = Frameworks;
			sourceTree = "<group>";
		};
		D45B71898F39D08FC9EE187F /* Pods */ = {
			isa = PBXGroup;
			children = (
				C8573D465EDC12DF136D0E5E /* Pods.debug.xcconfig */,
				7AFE6C0DC12EE8F09B0FD2FA /* Pods.release.xcconfig */,
			);
			name = Pods;
			sourceTree = "<group>";
		};
/* End PBXGroup section */

/* Begin PBXNativeTarget section */
		18670CD31D0D3A3E00902723 /* CHPlayer */ = {
			isa = PBXNativeTarget;
			buildConfigurationList = 18670D011D0D3A3F00902723 /* Build configuration list for PBXNativeTarget "CHPlayer" */;
			buildPhases = (
				94DBC42FC994882243AA2D9B /* Check Pods Manifest.lock */,
				18670CD01D0D3A3E00902723 /* Sources */,
				18670CD11D0D3A3E00902723 /* Frameworks */,
				18670CD21D0D3A3E00902723 /* Resources */,
				2E17DA7E8E9B639C78D75D25 /* Embed Pods Frameworks */,
				53346FC9E1ACFCC2FA5D3C29 /* Copy Pods Resources */,
			);
			buildRules = (
			);
			dependencies = (
			);
			name = CHPlayer;
			productName = CHPlayer;
			productReference = 18670CD41D0D3A3E00902723 /* CHPlayer.app */;
			productType = "com.apple.product-type.application";
		};
		18670CEC1D0D3A3F00902723 /* CHPlayerTests */ = {
			isa = PBXNativeTarget;
			buildConfigurationList = 18670D041D0D3A3F00902723 /* Build configuration list for PBXNativeTarget "CHPlayerTests" */;
			buildPhases = (
				18670CE91D0D3A3F00902723 /* Sources */,
				18670CEA1D0D3A3F00902723 /* Frameworks */,
				18670CEB1D0D3A3F00902723 /* Resources */,
			);
			buildRules = (
			);
			dependencies = (
				18670CEF1D0D3A3F00902723 /* PBXTargetDependency */,
			);
			name = CHPlayerTests;
			productName = CHPlayerTests;
			productReference = 18670CED1D0D3A3F00902723 /* CHPlayerTests.xctest */;
			productType = "com.apple.product-type.bundle.unit-test";
		};
		18670CF71D0D3A3F00902723 /* CHPlayerUITests */ = {
			isa = PBXNativeTarget;
			buildConfigurationList = 18670D071D0D3A3F00902723 /* Build configuration list for PBXNativeTarget "CHPlayerUITests" */;
			buildPhases = (
				18670CF41D0D3A3F00902723 /* Sources */,
				18670CF51D0D3A3F00902723 /* Frameworks */,
				18670CF61D0D3A3F00902723 /* Resources */,
			);
			buildRules = (
			);
			dependencies = (
				18670CFA1D0D3A3F00902723 /* PBXTargetDependency */,
			);
			name = CHPlayerUITests;
			productName = CHPlayerUITests;
			productReference = 18670CF81D0D3A3F00902723 /* CHPlayerUITests.xctest */;
			productType = "com.apple.product-type.bundle.ui-testing";
		};
/* End PBXNativeTarget section */

/* Begin PBXProject section */
		18670CCC1D0D3A3E00902723 /* Project object */ = {
			isa = PBXProject;
			attributes = {
				LastUpgradeCheck = 0730;
				ORGANIZATIONNAME = Hxc;
				TargetAttributes = {
					18670CD31D0D3A3E00902723 = {
						CreatedOnToolsVersion = 7.3;
					};
					18670CEC1D0D3A3F00902723 = {
						CreatedOnToolsVersion = 7.3;
						TestTargetID = 18670CD31D0D3A3E00902723;
					};
					18670CF71D0D3A3F00902723 = {
						CreatedOnToolsVersion = 7.3;
						TestTargetID = 18670CD31D0D3A3E00902723;
					};
				};
			};
			buildConfigurationList = 18670CCF1D0D3A3E00902723 /* Build configuration list for PBXProject "CHPlayer" */;
			compatibilityVersion = "Xcode 3.2";
			developmentRegion = English;
			hasScannedForEncodings = 0;
			knownRegions = (
				en,
				Base,
			);
			mainGroup = 18670CCB1D0D3A3E00902723;
			productRefGroup = 18670CD51D0D3A3E00902723 /* Products */;
			projectDirPath = "";
			projectRoot = "";
			targets = (
				18670CD31D0D3A3E00902723 /* CHPlayer */,
				18670CEC1D0D3A3F00902723 /* CHPlayerTests */,
				18670CF71D0D3A3F00902723 /* CHPlayerUITests */,
			);
		};
/* End PBXProject section */

/* Begin PBXResourcesBuildPhase section */
		18670CD21D0D3A3E00902723 /* Resources */ = {
			isa = PBXResourcesBuildPhase;
			buildActionMask = 2147483647;
			files = (
				189F83071D20CA40003C125C /* noNavigation3.gif in Resources */,
				18670CE71D0D3A3F00902723 /* LaunchScreen.storyboard in Resources */,
				18670D811D0D550F00902723 /* CHPlayer_play@3x.png in Resources */,
				18670D821D0D550F00902723 /* CHPlayer_goback@2x.png in Resources */,
				1891E09F1D226F9500E6C3B8 /* CHPlayer_point@3x.png in Resources */,
				1891E09D1D226F8700E6C3B8 /* CHPlayer_point@2x.png in Resources */,
				189F83021D20CA40003C125C /* fullScreen.gif in Resources */,
				1891E0AD1D22794900E6C3B8 /* CH_full_lockIcon@3x.png in Resources */,
				18670D801D0D550F00902723 /* CHPlayer_play@2x.png in Resources */,
				189F83051D20CA40003C125C /* noNavigation1.gif in Resources */,
				18670D8A1D0D550F00902723 /* CHPlayer_pause@3x.png in Resources */,
				1891E0A71D22735200E6C3B8 /* CHPlayer_fullScreen@3x.png in Resources */,
				18670CE41D0D3A3F00902723 /* Assets.xcassets in Resources */,
				18670D951D0D550F00902723 /* CHPlayer_fullBack@2x.png in Resources */,
				189F83031D20CA40003C125C /* navigation1.gif in Resources */,
				189F83061D20CA40003C125C /* noNavigation2.gif in Resources */,
				18670D831D0D550F00902723 /* CHPlayer_award@2x.png in Resources */,
				182614F11D12754C002DC6B0 /* CHPlayer_noAuto@2x.png in Resources */,
				18670CE21D0D3A3F00902723 /* Main.storyboard in Resources */,
				18670D861D0D550F00902723 /* CHPlayer_nofullBack@2x.png in Resources */,
				189F83041D20CA40003C125C /* navigation2.gif in Resources */,
				1891E0A61D22735200E6C3B8 /* CHPlayer_fullScreen@2x.png in Resources */,
				18670D891D0D550F00902723 /* CHPlayer_pause@2x.png in Resources */,
				1891E0AE1D22794900E6C3B8 /* CH_full_unLockIcon@2x.png in Resources */,
				1891E0AC1D22794900E6C3B8 /* CH_full_lockIcon@2x.png in Resources */,
				1891E0AF1D22794900E6C3B8 /* CH_full_unLockIcon@3x.png in Resources */,
				182DA7AD1D17C47E009DA79C /* cat.png in Resources */,
			);
			runOnlyForDeploymentPostprocessing = 0;
		};
		18670CEB1D0D3A3F00902723 /* Resources */ = {
			isa = PBXResourcesBuildPhase;
			buildActionMask = 2147483647;
			files = (
			);
			runOnlyForDeploymentPostprocessing = 0;
		};
		18670CF61D0D3A3F00902723 /* Resources */ = {
			isa = PBXResourcesBuildPhase;
			buildActionMask = 2147483647;
			files = (
			);
			runOnlyForDeploymentPostprocessing = 0;
		};
/* End PBXResourcesBuildPhase section */

/* Begin PBXShellScriptBuildPhase section */
		2E17DA7E8E9B639C78D75D25 /* Embed Pods Frameworks */ = {
			isa = PBXShellScriptBuildPhase;
			buildActionMask = 2147483647;
			files = (
			);
			inputPaths = (
			);
			name = "Embed Pods Frameworks";
			outputPaths = (
			);
			runOnlyForDeploymentPostprocessing = 0;
			shellPath = /bin/sh;
			shellScript = "\"${SRCROOT}/Pods/Target Support Files/Pods/Pods-frameworks.sh\"\n";
			showEnvVarsInLog = 0;
		};
		53346FC9E1ACFCC2FA5D3C29 /* Copy Pods Resources */ = {
			isa = PBXShellScriptBuildPhase;
			buildActionMask = 2147483647;
			files = (
			);
			inputPaths = (
			);
			name = "Copy Pods Resources";
			outputPaths = (
			);
			runOnlyForDeploymentPostprocessing = 0;
			shellPath = /bin/sh;
			shellScript = "\"${SRCROOT}/Pods/Target Support Files/Pods/Pods-resources.sh\"\n";
			showEnvVarsInLog = 0;
		};
		94DBC42FC994882243AA2D9B /* Check Pods Manifest.lock */ = {
			isa = PBXShellScriptBuildPhase;
			buildActionMask = 2147483647;
			files = (
			);
			inputPaths = (
			);
			name = "Check Pods Manifest.lock";
			outputPaths = (
			);
			runOnlyForDeploymentPostprocessing = 0;
			shellPath = /bin/sh;
			shellScript = "diff \"${PODS_ROOT}/../Podfile.lock\" \"${PODS_ROOT}/Manifest.lock\" > /dev/null\nif [[ $? != 0 ]] ; then\n    cat << EOM\nerror: The sandbox is not in sync with the Podfile.lock. Run 'pod install' or update your CocoaPods installation.\nEOM\n    exit 1\nfi\n";
			showEnvVarsInLog = 0;
		};
/* End PBXShellScriptBuildPhase section */

/* Begin PBXSourcesBuildPhase section */
		18670CD01D0D3A3E00902723 /* Sources */ = {
			isa = PBXSourcesBuildPhase;
			buildActionMask = 2147483647;
			files = (
				18670D981D0D552F00902723 /* CHPlayerView.m in Sources */,
				182DA7CE1D17CC1A009DA79C /* NSString+CH_stringWidthAndHeight.m in Sources */,
				182DA7C81D17CBAD009DA79C /* UIViewController+CH_baseSet.m in Sources */,
				182DA7C11D17C5FE009DA79C /* PlayOnFullScreenViewController.m in Sources */,
				182DA7B41D17C5A3009DA79C /* AutorotateTabbarVC.m in Sources */,
				182DA7B31D17C5A3009DA79C /* AutorotateNavigaVC.m in Sources */,
				182DA7C51D17C5FE009DA79C /* RightViewController.m in Sources */,
				182DA7C31D17C5FE009DA79C /* ViewController.m in Sources */,
				18670D691D0D54C000902723 /* NSTimer+Ch_helper.m in Sources */,
				182614ED1D124BF9002DC6B0 /* VideoModel.m in Sources */,
				182DA7C21D17C5FE009DA79C /* VideoPlayerViewController.m in Sources */,
				182DA7C41D17C5FE009DA79C /* LeftViewController.m in Sources */,
				189A9E101D239E6D00504EB5 /* UIView+CH_GestureRecognizer.m in Sources */,
				18670CDC1D0D3A3F00902723 /* AppDelegate.m in Sources */,
				18670CD91D0D3A3F00902723 /* main.m in Sources */,
			);
			runOnlyForDeploymentPostprocessing = 0;
		};
		18670CE91D0D3A3F00902723 /* Sources */ = {
			isa = PBXSourcesBuildPhase;
			buildActionMask = 2147483647;
			files = (
				18670CF21D0D3A3F00902723 /* CHPlayerTests.m in Sources */,
			);
			runOnlyForDeploymentPostprocessing = 0;
		};
		18670CF41D0D3A3F00902723 /* Sources */ = {
			isa = PBXSourcesBuildPhase;
			buildActionMask = 2147483647;
			files = (
				18670CFD1D0D3A3F00902723 /* CHPlayerUITests.m in Sources */,
			);
			runOnlyForDeploymentPostprocessing = 0;
		};
/* End PBXSourcesBuildPhase section */

/* Begin PBXTargetDependency section */
		18670CEF1D0D3A3F00902723 /* PBXTargetDependency */ = {
			isa = PBXTargetDependency;
			target = 18670CD31D0D3A3E00902723 /* CHPlayer */;
			targetProxy = 18670CEE1D0D3A3F00902723 /* PBXContainerItemProxy */;
		};
		18670CFA1D0D3A3F00902723 /* PBXTargetDependency */ = {
			isa = PBXTargetDependency;
			target = 18670CD31D0D3A3E00902723 /* CHPlayer */;
			targetProxy = 18670CF91D0D3A3F00902723 /* PBXContainerItemProxy */;
		};
/* End PBXTargetDependency section */

/* Begin PBXVariantGroup section */
		18670CE01D0D3A3F00902723 /* Main.storyboard */ = {
			isa = PBXVariantGroup;
			children = (
				18670CE11D0D3A3F00902723 /* Base */,
			);
			name = Main.storyboard;
			sourceTree = "<group>";
		};
		18670CE51D0D3A3F00902723 /* LaunchScreen.storyboard */ = {
			isa = PBXVariantGroup;
			children = (
				18670CE61D0D3A3F00902723 /* Base */,
			);
			name = LaunchScreen.storyboard;
			sourceTree = "<group>";
		};
/* End PBXVariantGroup section */

/* Begin XCBuildConfiguration section */
		18670CFF1D0D3A3F00902723 /* Debug */ = {
			isa = XCBuildConfiguration;
			buildSettings = {
				ALWAYS_SEARCH_USER_PATHS = NO;
				CLANG_ANALYZER_NONNULL = YES;
				CLANG_CXX_LANGUAGE_STANDARD = "gnu++0x";
				CLANG_CXX_LIBRARY = "libc++";
				CLANG_ENABLE_MODULES = YES;
				CLANG_ENABLE_OBJC_ARC = YES;
				CLANG_WARN_BOOL_CONVERSION = YES;
				CLANG_WARN_CONSTANT_CONVERSION = YES;
				CLANG_WARN_DIRECT_OBJC_ISA_USAGE = YES_ERROR;
				CLANG_WARN_EMPTY_BODY = YES;
				CLANG_WARN_ENUM_CONVERSION = YES;
				CLANG_WARN_INT_CONVERSION = YES;
				CLANG_WARN_OBJC_ROOT_CLASS = YES_ERROR;
				CLANG_WARN_UNREACHABLE_CODE = YES;
				CLANG_WARN__DUPLICATE_METHOD_MATCH = YES;
				"CODE_SIGN_IDENTITY[sdk=iphoneos*]" = "iPhone Developer";
				COPY_PHASE_STRIP = NO;
				DEBUG_INFORMATION_FORMAT = dwarf;
				ENABLE_STRICT_OBJC_MSGSEND = YES;
				ENABLE_TESTABILITY = YES;
				GCC_C_LANGUAGE_STANDARD = gnu99;
				GCC_DYNAMIC_NO_PIC = NO;
				GCC_NO_COMMON_BLOCKS = YES;
				GCC_OPTIMIZATION_LEVEL = 0;
				GCC_PREPROCESSOR_DEFINITIONS = (
					"DEBUG=1",
					"$(inherited)",
				);
				GCC_WARN_64_TO_32_BIT_CONVERSION = YES;
				GCC_WARN_ABOUT_RETURN_TYPE = YES_ERROR;
				GCC_WARN_UNDECLARED_SELECTOR = YES;
				GCC_WARN_UNINITIALIZED_AUTOS = YES_AGGRESSIVE;
				GCC_WARN_UNUSED_FUNCTION = YES;
				GCC_WARN_UNUSED_VARIABLE = YES;
				IPHONEOS_DEPLOYMENT_TARGET = 9.3;
				MTL_ENABLE_DEBUG_INFO = YES;
				ONLY_ACTIVE_ARCH = YES;
				SDKROOT = iphoneos;
			};
			name = Debug;
		};
		18670D001D0D3A3F00902723 /* Release */ = {
			isa = XCBuildConfiguration;
			buildSettings = {
				ALWAYS_SEARCH_USER_PATHS = NO;
				CLANG_ANALYZER_NONNULL = YES;
				CLANG_CXX_LANGUAGE_STANDARD = "gnu++0x";
				CLANG_CXX_LIBRARY = "libc++";
				CLANG_ENABLE_MODULES = YES;
				CLANG_ENABLE_OBJC_ARC = YES;
				CLANG_WARN_BOOL_CONVERSION = YES;
				CLANG_WARN_CONSTANT_CONVERSION = YES;
				CLANG_WARN_DIRECT_OBJC_ISA_USAGE = YES_ERROR;
				CLANG_WARN_EMPTY_BODY = YES;
				CLANG_WARN_ENUM_CONVERSION = YES;
				CLANG_WARN_INT_CONVERSION = YES;
				CLANG_WARN_OBJC_ROOT_CLASS = YES_ERROR;
				CLANG_WARN_UNREACHABLE_CODE = YES;
				CLANG_WARN__DUPLICATE_METHOD_MATCH = YES;
				"CODE_SIGN_IDENTITY[sdk=iphoneos*]" = "iPhone Developer";
				COPY_PHASE_STRIP = NO;
				DEBUG_INFORMATION_FORMAT = "dwarf-with-dsym";
				ENABLE_NS_ASSERTIONS = NO;
				ENABLE_STRICT_OBJC_MSGSEND = YES;
				GCC_C_LANGUAGE_STANDARD = gnu99;
				GCC_NO_COMMON_BLOCKS = YES;
				GCC_WARN_64_TO_32_BIT_CONVERSION = YES;
				GCC_WARN_ABOUT_RETURN_TYPE = YES_ERROR;
				GCC_WARN_UNDECLARED_SELECTOR = YES;
				GCC_WARN_UNINITIALIZED_AUTOS = YES_AGGRESSIVE;
				GCC_WARN_UNUSED_FUNCTION = YES;
				GCC_WARN_UNUSED_VARIABLE = YES;
				IPHONEOS_DEPLOYMENT_TARGET = 9.3;
				MTL_ENABLE_DEBUG_INFO = NO;
				SDKROOT = iphoneos;
				VALIDATE_PRODUCT = YES;
			};
			name = Release;
		};
		18670D021D0D3A3F00902723 /* Debug */ = {
			isa = XCBuildConfiguration;
			baseConfigurationReference = C8573D465EDC12DF136D0E5E /* Pods.debug.xcconfig */;
			buildSettings = {
				ASSETCATALOG_COMPILER_APPICON_NAME = AppIcon;
				INFOPLIST_FILE = CHPlayer/Info.plist;
				IPHONEOS_DEPLOYMENT_TARGET = 7.1;
				LD_RUNPATH_SEARCH_PATHS = "$(inherited) @executable_path/Frameworks";
				PRODUCT_BUNDLE_IDENTIFIER = com.Neng.CHPlayer;
				PRODUCT_NAME = "$(TARGET_NAME)";
				TARGETED_DEVICE_FAMILY = 1;
			};
			name = Debug;
		};
		18670D031D0D3A3F00902723 /* Release */ = {
			isa = XCBuildConfiguration;
			baseConfigurationReference = 7AFE6C0DC12EE8F09B0FD2FA /* Pods.release.xcconfig */;
			buildSettings = {
				ASSETCATALOG_COMPILER_APPICON_NAME = AppIcon;
				INFOPLIST_FILE = CHPlayer/Info.plist;
				IPHONEOS_DEPLOYMENT_TARGET = 7.1;
				LD_RUNPATH_SEARCH_PATHS = "$(inherited) @executable_path/Frameworks";
				PRODUCT_BUNDLE_IDENTIFIER = com.Neng.CHPlayer;
				PRODUCT_NAME = "$(TARGET_NAME)";
				TARGETED_DEVICE_FAMILY = 1;
			};
			name = Release;
		};
		18670D051D0D3A3F00902723 /* Debug */ = {
			isa = XCBuildConfiguration;
			buildSettings = {
				BUNDLE_LOADER = "$(TEST_HOST)";
				INFOPLIST_FILE = CHPlayerTests/Info.plist;
				LD_RUNPATH_SEARCH_PATHS = "$(inherited) @executable_path/Frameworks @loader_path/Frameworks";
				PRODUCT_BUNDLE_IDENTIFIER = com.Neng.CHPlayerTests;
				PRODUCT_NAME = "$(TARGET_NAME)";
				TEST_HOST = "$(BUILT_PRODUCTS_DIR)/CHPlayer.app/CHPlayer";
			};
			name = Debug;
		};
		18670D061D0D3A3F00902723 /* Release */ = {
			isa = XCBuildConfiguration;
			buildSettings = {
				BUNDLE_LOADER = "$(TEST_HOST)";
				INFOPLIST_FILE = CHPlayerTests/Info.plist;
				LD_RUNPATH_SEARCH_PATHS = "$(inherited) @executable_path/Frameworks @loader_path/Frameworks";
				PRODUCT_BUNDLE_IDENTIFIER = com.Neng.CHPlayerTests;
				PRODUCT_NAME = "$(TARGET_NAME)";
				TEST_HOST = "$(BUILT_PRODUCTS_DIR)/CHPlayer.app/CHPlayer";
			};
			name = Release;
		};
		18670D081D0D3A3F00902723 /* Debug */ = {
			isa = XCBuildConfiguration;
			buildSettings = {
				INFOPLIST_FILE = CHPlayerUITests/Info.plist;
				LD_RUNPATH_SEARCH_PATHS = "$(inherited) @executable_path/Frameworks @loader_path/Frameworks";
				PRODUCT_BUNDLE_IDENTIFIER = com.Neng.CHPlayerUITests;
				PRODUCT_NAME = "$(TARGET_NAME)";
				TEST_TARGET_NAME = CHPlayer;
			};
			name = Debug;
		};
		18670D091D0D3A3F00902723 /* Release */ = {
			isa = XCBuildConfiguration;
			buildSettings = {
				INFOPLIST_FILE = CHPlayerUITests/Info.plist;
				LD_RUNPATH_SEARCH_PATHS = "$(inherited) @executable_path/Frameworks @loader_path/Frameworks";
				PRODUCT_BUNDLE_IDENTIFIER = com.Neng.CHPlayerUITests;
				PRODUCT_NAME = "$(TARGET_NAME)";
				TEST_TARGET_NAME = CHPlayer;
			};
			name = Release;
		};
/* End XCBuildConfiguration section */

/* Begin XCConfigurationList section */
		18670CCF1D0D3A3E00902723 /* Build configuration list for PBXProject "CHPlayer" */ = {
			isa = XCConfigurationList;
			buildConfigurations = (
				18670CFF1D0D3A3F00902723 /* Debug */,
				18670D001D0D3A3F00902723 /* Release */,
			);
			defaultConfigurationIsVisible = 0;
			defaultConfigurationName = Release;
		};
		18670D011D0D3A3F00902723 /* Build configuration list for PBXNativeTarget "CHPlayer" */ = {
			isa = XCConfigurationList;
			buildConfigurations = (
				18670D021D0D3A3F00902723 /* Debug */,
				18670D031D0D3A3F00902723 /* Release */,
			);
			defaultConfigurationIsVisible = 0;
			defaultConfigurationName = Release;
		};
		18670D041D0D3A3F00902723 /* Build configuration list for PBXNativeTarget "CHPlayerTests" */ = {
			isa = XCConfigurationList;
			buildConfigurations = (
				18670D051D0D3A3F00902723 /* Debug */,
				18670D061D0D3A3F00902723 /* Release */,
			);
			defaultConfigurationIsVisible = 0;
			defaultConfigurationName = Release;
		};
		18670D071D0D3A3F00902723 /* Build configuration list for PBXNativeTarget "CHPlayerUITests" */ = {
			isa = XCConfigurationList;
			buildConfigurations = (
				18670D081D0D3A3F00902723 /* Debug */,
				18670D091D0D3A3F00902723 /* Release */,
			);
			defaultConfigurationIsVisible = 0;
			defaultConfigurationName = Release;
		};
/* End XCConfigurationList section */
	};
	rootObject = 18670CCC1D0D3A3E00902723 /* Project object */;
}
